schema = 1

[packs]
[packs."https://github.com/gastownhall/gascity.git//internal/bootstrap/packs/core"]
version = "sha:3dcfe0969e26aac651c5c65c0a5d73f2d8cc16c5"
commit = "3dcfe0969e26aac651c5c65c0a5d73f2d8cc16c5"

[packs."https://github.com/gastownhall/gascity.git//examples/bd"]
version = "sha:3dcfe0969e26aac651c5c65c0a5d73f2d8cc16c5"
commit = "3dcfe0969e26aac651c5c65c0a5d73f2d8cc16c5"
